
Microsoft Visual Studio Solution File, Format Version 12.00
# Visual Studio Version 17
VisualStudioVersion = 17.14.36203.30
MinimumVisualStudioVersion = 10.0.40219.1
Project("{FAE04EC0-301F-11D3-BF4B-00C04F79EFBC}") = "SteamAutoLogin", "SteamAutoLogin\SteamAutoLogin.csproj", "{D1AA134B-A11B-421D-B9AE-09B54C12EFBC}"
EndProject
Project("{2150E333-8FDC-42A3-9474-1A3956D46DE8}") = "解决方案项", "解决方案项", "{9FA3D6BD-1EC1-3BA5-80CB-CE02773A58D5}"
	ProjectSection(SolutionItems) = preProject
		SteamAutoLogin\bin\Debug\net8.0-windows\data\accounts.xlsx = SteamAutoLogin\bin\Debug\net8.0-windows\data\accounts.xlsx
		SteamAutoLogin\bin\Debug\net8.0-windows\config.json = SteamAutoLogin\bin\Debug\net8.0-windows\config.json
	EndProjectSection
EndProject
Global
	GlobalSection(SolutionConfigurationPlatforms) = preSolution
		Debug|Any CPU = Debug|Any CPU
		Release|Any CPU = Release|Any CPU
	EndGlobalSection
	GlobalSection(ProjectConfigurationPlatforms) = postSolution
		{D1AA134B-A11B-421D-B9AE-09B54C12EFBC}.Debug|Any CPU.ActiveCfg = Debug|Any CPU
		{D1AA134B-A11B-421D-B9AE-09B54C12EFBC}.Debug|Any CPU.Build.0 = Debug|Any CPU
		{D1AA134B-A11B-421D-B9AE-09B54C12EFBC}.Release|Any CPU.ActiveCfg = Release|Any CPU
		{D1AA134B-A11B-421D-B9AE-09B54C12EFBC}.Release|Any CPU.Build.0 = Release|Any CPU
	EndGlobalSection
	GlobalSection(SolutionProperties) = preSolution
		HideSolutionNode = FALSE
	EndGlobalSection
	GlobalSection(ExtensibilityGlobals) = postSolution
		SolutionGuid = {809ECDC4-96E3-4308-9A0F-638AF2B5759E}
	EndGlobalSection
EndGlobal
